
Microsoft Visual Studio Solution File, Format Version 12.00
# Visual Studio Version 17
VisualStudioVersion = 17.7.34024.191
MinimumVisualStudioVersion = 10.0.40219.1
Project("{FAE04EC0-301F-11D3-BF4B-00C04F79EFBC}") = "BDuniversidad", "BDuniversidad\BDuniversidad.csproj", "{D318971E-4698-4ECF-B91C-EEBFF8FB3423}"
EndProject
Global
	GlobalSection(SolutionConfigurationPlatforms) = preSolution
		Debug|Any CPU = Debug|Any CPU
		Release|Any CPU = Release|Any CPU
	EndGlobalSection
	GlobalSection(ProjectConfigurationPlatforms) = postSolution
		{D318971E-4698-4ECF-B91C-EEBFF8FB3423}.Debug|Any CPU.ActiveCfg = Debug|Any CPU
		{D318971E-4698-4ECF-B91C-EEBFF8FB3423}.Debug|Any CPU.Build.0 = Debug|Any CPU
		{D318971E-4698-4ECF-B91C-EEBFF8FB3423}.Release|Any CPU.ActiveCfg = Release|Any CPU
		{D318971E-4698-4ECF-B91C-EEBFF8FB3423}.Release|Any CPU.Build.0 = Release|Any CPU
	EndGlobalSection
	GlobalSection(SolutionProperties) = preSolution
		HideSolutionNode = FALSE
	EndGlobalSection
	GlobalSection(ExtensibilityGlobals) = postSolution
		SolutionGuid = {644CDAD3-1E69-45EB-AF84-48608F195BBC}
	EndGlobalSection
EndGlobal
